// !$*UTF8*$!
{
	archiveVersion = 1;
	classes = {
	};
	objectVersion = 48;
	objects = {

/* Begin PBXBuildFile section */
		87001F5D9C4B00CCAE03184F /* Pods_AnimationApp.framework in Frameworks */ = {isa = PBXBuildFile; fileRef = DC77EB639702127227638616 /* Pods_AnimationApp.framework */; };
		CE1EF50F201E11DE00E53FDE /* Array+extensions.swift in Sources */ = {isa = PBXBuildFile; fileRef = CE1EF50E201E11DE00E53FDE /* Array+extensions.swift */; };
		CE1EF512201E139500E53FDE /* Constants.swift in Sources */ = {isa = PBXBuildFile; fileRef = CE1EF511201E139500E53FDE /* Constants.swift */; };
		CE1EF514201E38DE00E53FDE /* UIImage+extensions.swift in Sources */ = {isa = PBXBuildFile; fileRef = CE1EF513201E38DE00E53FDE /* UIImage+extensions.swift */; };
		CE1EF518201E8AAB00E53FDE /* GifViewController.swift in Sources */ = {isa = PBXBuildFile; fileRef = CE1EF517201E8AAB00E53FDE /* GifViewController.swift */; };
		CE209E062022787800C0F1FA /* ColumnsFlowLayout.swift in Sources */ = {isa = PBXBuildFile; fileRef = CE209E052022787800C0F1FA /* ColumnsFlowLayout.swift */; };
		CE5B25E520171A380054C2FD /* GiphyCell.xib in Resources */ = {isa = PBXBuildFile; fileRef = CE5B25E420171A380054C2FD /* GiphyCell.xib */; };
		CE5B25E720171A500054C2FD /* GiphyCell.swift in Sources */ = {isa = PBXBuildFile; fileRef = CE5B25E620171A500054C2FD /* GiphyCell.swift */; };
		CE5B25EA201785400054C2FD /* String+extensions.swift in Sources */ = {isa = PBXBuildFile; fileRef = CE5B25E9201785400054C2FD /* String+extensions.swift */; };
		CE5B25ED201785750054C2FD /* UICollectionViewCell+extensions.swift in Sources */ = {isa = PBXBuildFile; fileRef = CE5B25EC201785750054C2FD /* UICollectionViewCell+extensions.swift */; };
		CE5B25F120178C210054C2FD /* GiphyListViewModel.swift in Sources */ = {isa = PBXBuildFile; fileRef = CE5B25F020178C210054C2FD /* GiphyListViewModel.swift */; };
		CE5B25F320178CC60054C2FD /* GiphyList.swift in Sources */ = {isa = PBXBuildFile; fileRef = CE5B25F220178CC60054C2FD /* GiphyList.swift */; };
		CE5B25F52017A24C0054C2FD /* API.swift in Sources */ = {isa = PBXBuildFile; fileRef = CE5B25F42017A24C0054C2FD /* API.swift */; };
		CE5B25FE201C970A0054C2FD /* Giphy.swift in Sources */ = {isa = PBXBuildFile; fileRef = CE5B25FD201C970A0054C2FD /* Giphy.swift */; };
		CE87812A201136190063F070 /* AppDelegate.swift in Sources */ = {isa = PBXBuildFile; fileRef = CE878129201136190063F070 /* AppDelegate.swift */; };
		CE87812C201136190063F070 /* MainViewController.swift in Sources */ = {isa = PBXBuildFile; fileRef = CE87812B201136190063F070 /* MainViewController.swift */; };
		CE87812F201136190063F070 /* Main.storyboard in Resources */ = {isa = PBXBuildFile; fileRef = CE87812D201136190063F070 /* Main.storyboard */; };
		CE878131201136190063F070 /* Assets.xcassets in Resources */ = {isa = PBXBuildFile; fileRef = CE878130201136190063F070 /* Assets.xcassets */; };
		CE878134201136190063F070 /* LaunchScreen.storyboard in Resources */ = {isa = PBXBuildFile; fileRef = CE878132201136190063F070 /* LaunchScreen.storyboard */; };
		CEF2D7C2201E9A62000FE35C /* Gif.storyboard in Resources */ = {isa = PBXBuildFile; fileRef = CEF2D7C1201E9A62000FE35C /* Gif.storyboard */; };
		CEF2D7C4201EA565000FE35C /* StoreService.swift in Sources */ = {isa = PBXBuildFile; fileRef = CEF2D7C3201EA565000FE35C /* StoreService.swift */; };
		CEF2D7C6201EA834000FE35C /* GiphyObject.swift in Sources */ = {isa = PBXBuildFile; fileRef = CEF2D7C5201EA834000FE35C /* GiphyObject.swift */; };
		CEF2D7CA201EFE52000FE35C /* AppReachability.swift in Sources */ = {isa = PBXBuildFile; fileRef = CEF2D7C9201EFE52000FE35C /* AppReachability.swift */; };
/* End PBXBuildFile section */

/* Begin PBXFileReference section */
		3C234D3815C7D2656F31B41E /* Pods-AnimationApp.debug.xcconfig */ = {isa = PBXFileReference; includeInIndex = 1; lastKnownFileType = text.xcconfig; name = "Pods-AnimationApp.debug.xcconfig"; path = "Pods/Target Support Files/Pods-AnimationApp/Pods-AnimationApp.debug.xcconfig"; sourceTree = "<group>"; };
		CE1EF50E201E11DE00E53FDE /* Array+extensions.swift */ = {isa = PBXFileReference; lastKnownFileType = sourcecode.swift; path = "Array+extensions.swift"; sourceTree = "<group>"; };
		CE1EF511201E139500E53FDE /* Constants.swift */ = {isa = PBXFileReference; lastKnownFileType = sourcecode.swift; path = Constants.swift; sourceTree = "<group>"; };
		CE1EF513201E38DE00E53FDE /* UIImage+extensions.swift */ = {isa = PBXFileReference; lastKnownFileType = sourcecode.swift; path = "UIImage+extensions.swift"; sourceTree = "<group>"; };
		CE1EF517201E8AAB00E53FDE /* GifViewController.swift */ = {isa = PBXFileReference; lastKnownFileType = sourcecode.swift; path = GifViewController.swift; sourceTree = "<group>"; };
		CE209E052022787800C0F1FA /* ColumnsFlowLayout.swift */ = {isa = PBXFileReference; lastKnownFileType = sourcecode.swift; path = ColumnsFlowLayout.swift; sourceTree = "<group>"; };
		CE5B25E420171A380054C2FD /* GiphyCell.xib */ = {isa = PBXFileReference; lastKnownFileType = file.xib; path = GiphyCell.xib; sourceTree = "<group>"; };
		CE5B25E620171A500054C2FD /* GiphyCell.swift */ = {isa = PBXFileReference; lastKnownFileType = sourcecode.swift; path = GiphyCell.swift; sourceTree = "<group>"; };
		CE5B25E9201785400054C2FD /* String+extensions.swift */ = {isa = PBXFileReference; lastKnownFileType = sourcecode.swift; path = "String+extensions.swift"; sourceTree = "<group>"; };
		CE5B25EC201785750054C2FD /* UICollectionViewCell+extensions.swift */ = {isa = PBXFileReference; lastKnownFileType = sourcecode.swift; path = "UICollectionViewCell+extensions.swift"; sourceTree = "<group>"; };
		CE5B25F020178C210054C2FD /* GiphyListViewModel.swift */ = {isa = PBXFileReference; lastKnownFileType = sourcecode.swift; path = GiphyListViewModel.swift; sourceTree = "<group>"; };
		CE5B25F220178CC60054C2FD /* GiphyList.swift */ = {isa = PBXFileReference; lastKnownFileType = sourcecode.swift; path = GiphyList.swift; sourceTree = "<group>"; };
		CE5B25F42017A24C0054C2FD /* API.swift */ = {isa = PBXFileReference; lastKnownFileType = sourcecode.swift; path = API.swift; sourceTree = "<group>"; };
		CE5B25FD201C970A0054C2FD /* Giphy.swift */ = {isa = PBXFileReference; lastKnownFileType = sourcecode.swift; path = Giphy.swift; sourceTree = "<group>"; };
		CE878126201136190063F070 /* AnimationApp.app */ = {isa = PBXFileReference; explicitFileType = wrapper.application; includeInIndex = 0; path = AnimationApp.app; sourceTree = BUILT_PRODUCTS_DIR; };
		CE878129201136190063F070 /* AppDelegate.swift */ = {isa = PBXFileReference; lastKnownFileType = sourcecode.swift; path = AppDelegate.swift; sourceTree = "<group>"; };
		CE87812B201136190063F070 /* MainViewController.swift */ = {isa = PBXFileReference; lastKnownFileType = sourcecode.swift; path = MainViewController.swift; sourceTree = "<group>"; };
		CE87812E201136190063F070 /* Base */ = {isa = PBXFileReference; lastKnownFileType = file.storyboard; name = Base; path = Base.lproj/Main.storyboard; sourceTree = "<group>"; };
		CE878130201136190063F070 /* Assets.xcassets */ = {isa = PBXFileReference; lastKnownFileType = folder.assetcatalog; path = Assets.xcassets; sourceTree = "<group>"; };
		CE878133201136190063F070 /* Base */ = {isa = PBXFileReference; lastKnownFileType = file.storyboard; name = Base; path = Base.lproj/LaunchScreen.storyboard; sourceTree = "<group>"; };
		CE878135201136190063F070 /* Info.plist */ = {isa = PBXFileReference; lastKnownFileType = text.plist.xml; path = Info.plist; sourceTree = "<group>"; };
		CEF2D7C1201E9A62000FE35C /* Gif.storyboard */ = {isa = PBXFileReference; lastKnownFileType = file.storyboard; path = Gif.storyboard; sourceTree = "<group>"; };
		CEF2D7C3201EA565000FE35C /* StoreService.swift */ = {isa = PBXFileReference; lastKnownFileType = sourcecode.swift; path = StoreService.swift; sourceTree = "<group>"; };
		CEF2D7C5201EA834000FE35C /* GiphyObject.swift */ = {isa = PBXFileReference; lastKnownFileType = sourcecode.swift; path = GiphyObject.swift; sourceTree = "<group>"; };
		CEF2D7C9201EFE52000FE35C /* AppReachability.swift */ = {isa = PBXFileReference; lastKnownFileType = sourcecode.swift; path = AppReachability.swift; sourceTree = "<group>"; };
		DC77EB639702127227638616 /* Pods_AnimationApp.framework */ = {isa = PBXFileReference; explicitFileType = wrapper.framework; includeInIndex = 0; path = Pods_AnimationApp.framework; sourceTree = BUILT_PRODUCTS_DIR; };
		EBA92D7AF70853CDE8753AC4 /* Pods-AnimationApp.release.xcconfig */ = {isa = PBXFileReference; includeInIndex = 1; lastKnownFileType = text.xcconfig; name = "Pods-AnimationApp.release.xcconfig"; path = "Pods/Target Support Files/Pods-AnimationApp/Pods-AnimationApp.release.xcconfig"; sourceTree = "<group>"; };
/* End PBXFileReference section */

/* Begin PBXFrameworksBuildPhase section */
		CE878123201136190063F070 /* Frameworks */ = {
			isa = PBXFrameworksBuildPhase;
			buildActionMask = 2147483647;
			files = (
				87001F5D9C4B00CCAE03184F /* Pods_AnimationApp.framework in Frameworks */,
			);
			runOnlyForDeploymentPostprocessing = 0;
		};
/* End PBXFrameworksBuildPhase section */

/* Begin PBXGroup section */
		61160A5A7A1D332F0C75648C /* Pods */ = {
			isa = PBXGroup;
			children = (
				3C234D3815C7D2656F31B41E /* Pods-AnimationApp.debug.xcconfig */,
				EBA92D7AF70853CDE8753AC4 /* Pods-AnimationApp.release.xcconfig */,
			);
			name = Pods;
			sourceTree = "<group>";
		};
		CE1EF510201E135000E53FDE /* Helpers */ = {
			isa = PBXGroup;
			children = (
				CE1EF511201E139500E53FDE /* Constants.swift */,
				CEF2D7C9201EFE52000FE35C /* AppReachability.swift */,
			);
			path = Helpers;
			sourceTree = "<group>";
		};
		CE1EF516201E8A8A00E53FDE /* Gif */ = {
			isa = PBXGroup;
			children = (
				CE1EF517201E8AAB00E53FDE /* GifViewController.swift */,
				CEF2D7C1201E9A62000FE35C /* Gif.storyboard */,
			);
			path = Gif;
			sourceTree = "<group>";
		};
		CE5B25E2201719EA0054C2FD /* Giphy */ = {
			isa = PBXGroup;
			children = (
				CE5B25E420171A380054C2FD /* GiphyCell.xib */,
				CE5B25E620171A500054C2FD /* GiphyCell.swift */,
			);
			path = Giphy;
			sourceTree = "<group>";
		};
		CE5B25E8201785090054C2FD /* Extensions */ = {
			isa = PBXGroup;
			children = (
				CE5B25EF201786520054C2FD /* Foundation */,
				CE5B25EE201786490054C2FD /* UIKit */,
			);
			path = Extensions;
			sourceTree = "<group>";
		};
		CE5B25EE201786490054C2FD /* UIKit */ = {
			isa = PBXGroup;
			children = (
				CE209E052022787800C0F1FA /* ColumnsFlowLayout.swift */,
				CE5B25EC201785750054C2FD /* UICollectionViewCell+extensions.swift */,
				CE1EF513201E38DE00E53FDE /* UIImage+extensions.swift */,
			);
			path = UIKit;
			sourceTree = "<group>";
		};
		CE5B25EF201786520054C2FD /* Foundation */ = {
			isa = PBXGroup;
			children = (
				CE5B25E9201785400054C2FD /* String+extensions.swift */,
				CE1EF50E201E11DE00E53FDE /* Array+extensions.swift */,
			);
			path = Foundation;
			sourceTree = "<group>";
		};
		CE87811D201136190063F070 = {
			isa = PBXGroup;
			children = (
				CE87813C201137C80063F070 /* Sources */,
				CE87813D201137DF0063F070 /* Resources */,
				CE878127201136190063F070 /* Products */,
				61160A5A7A1D332F0C75648C /* Pods */,
				DBBE10818DEC9BB1EE7B8CAD /* Frameworks */,
			);
			sourceTree = "<group>";
		};
		CE878127201136190063F070 /* Products */ = {
			isa = PBXGroup;
			children = (
				CE878126201136190063F070 /* AnimationApp.app */,
			);
			name = Products;
			sourceTree = "<group>";
		};
		CE87813B2011377D0063F070 /* Models */ = {
			isa = PBXGroup;
			children = (
				CE8781402011385E0063F070 /* Realm */,
				CE5B25F220178CC60054C2FD /* GiphyList.swift */,
				CE5B25FD201C970A0054C2FD /* Giphy.swift */,
			);
			path = Models;
			sourceTree = "<group>";
		};
		CE87813C201137C80063F070 /* Sources */ = {
			isa = PBXGroup;
			children = (
				CE878141201139E10063F070 /* Application */,
				CE87813F201138250063F070 /* API */,
				CE87814220113A620063F070 /* Modules */,
				CE87813B2011377D0063F070 /* Models */,
				CE87814420113AEE0063F070 /* Views */,
				CE87814520113AFC0063F070 /* ViewModels */,
				CE5B25E8201785090054C2FD /* Extensions */,
				CE1EF510201E135000E53FDE /* Helpers */,
				CE87813E201138000063F070 /* Services */,
			);
			path = Sources;
			sourceTree = "<group>";
		};
		CE87813D201137DF0063F070 /* Resources */ = {
			isa = PBXGroup;
			children = (
				CE87814720113B700063F070 /* LaunchScreen */,
				CE87814620113B480063F070 /* plist */,
				CE878130201136190063F070 /* Assets.xcassets */,
			);
			path = Resources;
			sourceTree = "<group>";
		};
		CE87813E201138000063F070 /* Services */ = {
			isa = PBXGroup;
			children = (
				CEF2D7C3201EA565000FE35C /* StoreService.swift */,
			);
			path = Services;
			sourceTree = "<group>";
		};
		CE87813F201138250063F070 /* API */ = {
			isa = PBXGroup;
			children = (
				CE5B25F42017A24C0054C2FD /* API.swift */,
			);
			path = API;
			sourceTree = "<group>";
		};
		CE8781402011385E0063F070 /* Realm */ = {
			isa = PBXGroup;
			children = (
				CEF2D7C5201EA834000FE35C /* GiphyObject.swift */,
			);
			path = Realm;
			sourceTree = "<group>";
		};
		CE878141201139E10063F070 /* Application */ = {
			isa = PBXGroup;
			children = (
				CE878129201136190063F070 /* AppDelegate.swift */,
			);
			path = Application;
			sourceTree = "<group>";
		};
		CE87814220113A620063F070 /* Modules */ = {
			isa = PBXGroup;
			children = (
				CE1EF516201E8A8A00E53FDE /* Gif */,
				CE87814320113A6F0063F070 /* Main */,
			);
			path = Modules;
			sourceTree = "<group>";
		};
		CE87814320113A6F0063F070 /* Main */ = {
			isa = PBXGroup;
			children = (
				CE87812B201136190063F070 /* MainViewController.swift */,
				CE87812D201136190063F070 /* Main.storyboard */,
			);
			path = Main;
			sourceTree = "<group>";
		};
		CE87814420113AEE0063F070 /* Views */ = {
			isa = PBXGroup;
			children = (
				CE5B25E2201719EA0054C2FD /* Giphy */,
			);
			path = Views;
			sourceTree = "<group>";
		};
		CE87814520113AFC0063F070 /* ViewModels */ = {
			isa = PBXGroup;
			children = (
				CE5B25F020178C210054C2FD /* GiphyListViewModel.swift */,
			);
			path = ViewModels;
			sourceTree = "<group>";
		};
		CE87814620113B480063F070 /* plist */ = {
			isa = PBXGroup;
			children = (
				CE878135201136190063F070 /* Info.plist */,
			);
			path = plist;
			sourceTree = "<group>";
		};
		CE87814720113B700063F070 /* LaunchScreen */ = {
			isa = PBXGroup;
			children = (
				CE878132201136190063F070 /* LaunchScreen.storyboard */,
			);
			path = LaunchScreen;
			sourceTree = "<group>";
		};
		DBBE10818DEC9BB1EE7B8CAD /* Frameworks */ = {
			isa = PBXGroup;
			children = (
				DC77EB639702127227638616 /* Pods_AnimationApp.framework */,
			);
			name = Frameworks;
			sourceTree = "<group>";
		};
/* End PBXGroup section */

/* Begin PBXNativeTarget section */
		CE878125201136190063F070 /* AnimationApp */ = {
			isa = PBXNativeTarget;
			buildConfigurationList = CE878138201136190063F070 /* Build configuration list for PBXNativeTarget "AnimationApp" */;
			buildPhases = (
				D3091818BD38E6FA021DE8EB /* [CP] Check Pods Manifest.lock */,
				CE878122201136190063F070 /* Sources */,
				CE878123201136190063F070 /* Frameworks */,
				CE878124201136190063F070 /* Resources */,
				AF5AB425B0A2FC8758FB3E09 /* [CP] Embed Pods Frameworks */,
				47D10C9A9606FBC6433A9CF8 /* [CP] Copy Pods Resources */,
			);
			buildRules = (
			);
			dependencies = (
			);
			name = AnimationApp;
			productName = AnimationApp;
			productReference = CE878126201136190063F070 /* AnimationApp.app */;
			productType = "com.apple.product-type.application";
		};
/* End PBXNativeTarget section */

/* Begin PBXProject section */
		CE87811E201136190063F070 /* Project object */ = {
			isa = PBXProject;
			attributes = {
				LastSwiftUpdateCheck = 0920;
				LastUpgradeCheck = 0920;
				ORGANIZATIONNAME = Administrator;
				TargetAttributes = {
					CE878125201136190063F070 = {
						CreatedOnToolsVersion = 9.2;
						ProvisioningStyle = Automatic;
					};
				};
			};
			buildConfigurationList = CE878121201136190063F070 /* Build configuration list for PBXProject "AnimationApp" */;
			compatibilityVersion = "Xcode 8.0";
			developmentRegion = en;
			hasScannedForEncodings = 0;
			knownRegions = (
				en,
				Base,
			);
			mainGroup = CE87811D201136190063F070;
			productRefGroup = CE878127201136190063F070 /* Products */;
			projectDirPath = "";
			projectRoot = "";
			targets = (
				CE878125201136190063F070 /* AnimationApp */,
			);
		};
/* End PBXProject section */

/* Begin PBXResourcesBuildPhase section */
		CE878124201136190063F070 /* Resources */ = {
			isa = PBXResourcesBuildPhase;
			buildActionMask = 2147483647;
			files = (
				CEF2D7C2201E9A62000FE35C /* Gif.storyboard in Resources */,
				CE878134201136190063F070 /* LaunchScreen.storyboard in Resources */,
				CE878131201136190063F070 /* Assets.xcassets in Resources */,
				CE87812F201136190063F070 /* Main.storyboard in Resources */,
				CE5B25E520171A380054C2FD /* GiphyCell.xib in Resources */,
			);
			runOnlyForDeploymentPostprocessing = 0;
		};
/* End PBXResourcesBuildPhase section */

/* Begin PBXShellScriptBuildPhase section */
		47D10C9A9606FBC6433A9CF8 /* [CP] Copy Pods Resources */ = {
			isa = PBXShellScriptBuildPhase;
			buildActionMask = 2147483647;
			files = (
			);
			inputPaths = (
			);
			name = "[CP] Copy Pods Resources";
			outputPaths = (
			);
			runOnlyForDeploymentPostprocessing = 0;
			shellPath = /bin/sh;
			shellScript = "\"${SRCROOT}/Pods/Target Support Files/Pods-AnimationApp/Pods-AnimationApp-resources.sh\"\n";
			showEnvVarsInLog = 0;
		};
		AF5AB425B0A2FC8758FB3E09 /* [CP] Embed Pods Frameworks */ = {
			isa = PBXShellScriptBuildPhase;
			buildActionMask = 2147483647;
			files = (
			);
			inputPaths = (
				"${SRCROOT}/Pods/Target Support Files/Pods-AnimationApp/Pods-AnimationApp-frameworks.sh",
				"${BUILT_PRODUCTS_DIR}/Alamofire/Alamofire.framework",
				"${BUILT_PRODUCTS_DIR}/AlamofireObjectMapper/AlamofireObjectMapper.framework",
				"${BUILT_PRODUCTS_DIR}/Differentiator/Differentiator.framework",
				"${BUILT_PRODUCTS_DIR}/ObjectMapper/ObjectMapper.framework",
				"${BUILT_PRODUCTS_DIR}/Realm/Realm.framework",
				"${BUILT_PRODUCTS_DIR}/RealmSwift/RealmSwift.framework",
				"${BUILT_PRODUCTS_DIR}/RxCocoa/RxCocoa.framework",
				"${BUILT_PRODUCTS_DIR}/RxDataSources/RxDataSources.framework",
				"${BUILT_PRODUCTS_DIR}/RxOptional/RxOptional.framework",
				"${BUILT_PRODUCTS_DIR}/RxSwift/RxSwift.framework",
				"${BUILT_PRODUCTS_DIR}/SwiftGifOrigin/SwiftGifOrigin.framework",
			);
			name = "[CP] Embed Pods Frameworks";
			outputPaths = (
				"${TARGET_BUILD_DIR}/${FRAMEWORKS_FOLDER_PATH}/Alamofire.framework",
				"${TARGET_BUILD_DIR}/${FRAMEWORKS_FOLDER_PATH}/AlamofireObjectMapper.framework",
				"${TARGET_BUILD_DIR}/${FRAMEWORKS_FOLDER_PATH}/Differentiator.framework",
				"${TARGET_BUILD_DIR}/${FRAMEWORKS_FOLDER_PATH}/ObjectMapper.framework",
				"${TARGET_BUILD_DIR}/${FRAMEWORKS_FOLDER_PATH}/Realm.framework",
				"${TARGET_BUILD_DIR}/${FRAMEWORKS_FOLDER_PATH}/RealmSwift.framework",
				"${TARGET_BUILD_DIR}/${FRAMEWORKS_FOLDER_PATH}/RxCocoa.framework",
				"${TARGET_BUILD_DIR}/${FRAMEWORKS_FOLDER_PATH}/RxDataSources.framework",
				"${TARGET_BUILD_DIR}/${FRAMEWORKS_FOLDER_PATH}/RxOptional.framework",
				"${TARGET_BUILD_DIR}/${FRAMEWORKS_FOLDER_PATH}/RxSwift.framework",
				"${TARGET_BUILD_DIR}/${FRAMEWORKS_FOLDER_PATH}/SwiftGifOrigin.framework",
			);
			runOnlyForDeploymentPostprocessing = 0;
			shellPath = /bin/sh;
			shellScript = "\"${SRCROOT}/Pods/Target Support Files/Pods-AnimationApp/Pods-AnimationApp-frameworks.sh\"\n";
			showEnvVarsInLog = 0;
		};
		D3091818BD38E6FA021DE8EB /* [CP] Check Pods Manifest.lock */ = {
			isa = PBXShellScriptBuildPhase;
			buildActionMask = 2147483647;
			files = (
			);
			inputPaths = (
				"${PODS_PODFILE_DIR_PATH}/Podfile.lock",
				"${PODS_ROOT}/Manifest.lock",
			);
			name = "[CP] Check Pods Manifest.lock";
			outputPaths = (
				"$(DERIVED_FILE_DIR)/Pods-AnimationApp-checkManifestLockResult.txt",
			);
			runOnlyForDeploymentPostprocessing = 0;
			shellPath = /bin/sh;
			shellScript = "diff \"${PODS_PODFILE_DIR_PATH}/Podfile.lock\" \"${PODS_ROOT}/Manifest.lock\" > /dev/null\nif [ $? != 0 ] ; then\n    # print error to STDERR\n    echo \"error: The sandbox is not in sync with the Podfile.lock. Run 'pod install' or update your CocoaPods installation.\" >&2\n    exit 1\nfi\n# This output is used by Xcode 'outputs' to avoid re-running this script phase.\necho \"SUCCESS\" > \"${SCRIPT_OUTPUT_FILE_0}\"\n";
			showEnvVarsInLog = 0;
		};
/* End PBXShellScriptBuildPhase section */

/* Begin PBXSourcesBuildPhase section */
		CE878122201136190063F070 /* Sources */ = {
			isa = PBXSourcesBuildPhase;
			buildActionMask = 2147483647;
			files = (
				CE5B25ED201785750054C2FD /* UICollectionViewCell+extensions.swift in Sources */,
				CEF2D7CA201EFE52000FE35C /* AppReachability.swift in Sources */,
				CE1EF514201E38DE00E53FDE /* UIImage+extensions.swift in Sources */,
				CE209E062022787800C0F1FA /* ColumnsFlowLayout.swift in Sources */,
				CE5B25F320178CC60054C2FD /* GiphyList.swift in Sources */,
				CE5B25EA201785400054C2FD /* String+extensions.swift in Sources */,
				CE1EF50F201E11DE00E53FDE /* Array+extensions.swift in Sources */,
				CEF2D7C6201EA834000FE35C /* GiphyObject.swift in Sources */,
				CE5B25F120178C210054C2FD /* GiphyListViewModel.swift in Sources */,
				CE87812C201136190063F070 /* MainViewController.swift in Sources */,
				CE1EF512201E139500E53FDE /* Constants.swift in Sources */,
				CE87812A201136190063F070 /* AppDelegate.swift in Sources */,
				CE1EF518201E8AAB00E53FDE /* GifViewController.swift in Sources */,
				CEF2D7C4201EA565000FE35C /* StoreService.swift in Sources */,
				CE5B25F52017A24C0054C2FD /* API.swift in Sources */,
				CE5B25E720171A500054C2FD /* GiphyCell.swift in Sources */,
				CE5B25FE201C970A0054C2FD /* Giphy.swift in Sources */,
			);
			runOnlyForDeploymentPostprocessing = 0;
		};
/* End PBXSourcesBuildPhase section */

/* Begin PBXVariantGroup section */
		CE87812D201136190063F070 /* Main.storyboard */ = {
			isa = PBXVariantGroup;
			children = (
				CE87812E201136190063F070 /* Base */,
			);
			name = Main.storyboard;
			sourceTree = "<group>";
		};
		CE878132201136190063F070 /* LaunchScreen.storyboard */ = {
			isa = PBXVariantGroup;
			children = (
				CE878133201136190063F070 /* Base */,
			);
			name = LaunchScreen.storyboard;
			sourceTree = "<group>";
		};
/* End PBXVariantGroup section */

/* Begin XCBuildConfiguration section */
		CE878136201136190063F070 /* Debug */ = {
			isa = XCBuildConfiguration;
			buildSettings = {
				ALWAYS_SEARCH_USER_PATHS = NO;
				CLANG_ANALYZER_NONNULL = YES;
				CLANG_ANALYZER_NUMBER_OBJECT_CONVERSION = YES_AGGRESSIVE;
				CLANG_CXX_LANGUAGE_STANDARD = "gnu++14";
				CLANG_CXX_LIBRARY = "libc++";
				CLANG_ENABLE_MODULES = YES;
				CLANG_ENABLE_OBJC_ARC = YES;
				CLANG_WARN_BLOCK_CAPTURE_AUTORELEASING = YES;
				CLANG_WARN_BOOL_CONVERSION = YES;
				CLANG_WARN_COMMA = YES;
				CLANG_WARN_CONSTANT_CONVERSION = YES;
				CLANG_WARN_DIRECT_OBJC_ISA_USAGE = YES_ERROR;
				CLANG_WARN_DOCUMENTATION_COMMENTS = YES;
				CLANG_WARN_EMPTY_BODY = YES;
				CLANG_WARN_ENUM_CONVERSION = YES;
				CLANG_WARN_INFINITE_RECURSION = YES;
				CLANG_WARN_INT_CONVERSION = YES;
				CLANG_WARN_NON_LITERAL_NULL_CONVERSION = YES;
				CLANG_WARN_OBJC_LITERAL_CONVERSION = YES;
				CLANG_WARN_OBJC_ROOT_CLASS = YES_ERROR;
				CLANG_WARN_RANGE_LOOP_ANALYSIS = YES;
				CLANG_WARN_STRICT_PROTOTYPES = YES;
				CLANG_WARN_SUSPICIOUS_MOVE = YES;
				CLANG_WARN_UNGUARDED_AVAILABILITY = YES_AGGRESSIVE;
				CLANG_WARN_UNREACHABLE_CODE = YES;
				CLANG_WARN__DUPLICATE_METHOD_MATCH = YES;
				CODE_SIGN_IDENTITY = "iPhone Developer";
				COPY_PHASE_STRIP = NO;
				DEBUG_INFORMATION_FORMAT = dwarf;
				ENABLE_STRICT_OBJC_MSGSEND = YES;
				ENABLE_TESTABILITY = YES;
				GCC_C_LANGUAGE_STANDARD = gnu11;
				GCC_DYNAMIC_NO_PIC = NO;
				GCC_NO_COMMON_BLOCKS = YES;
				GCC_OPTIMIZATION_LEVEL = 0;
				GCC_PREPROCESSOR_DEFINITIONS = (
					"DEBUG=1",
					"$(inherited)",
				);
				GCC_WARN_64_TO_32_BIT_CONVERSION = YES;
				GCC_WARN_ABOUT_RETURN_TYPE = YES_ERROR;
				GCC_WARN_UNDECLARED_SELECTOR = YES;
				GCC_WARN_UNINITIALIZED_AUTOS = YES_AGGRESSIVE;
				GCC_WARN_UNUSED_FUNCTION = YES;
				GCC_WARN_UNUSED_VARIABLE = YES;
				IPHONEOS_DEPLOYMENT_TARGET = 11.2;
				MTL_ENABLE_DEBUG_INFO = YES;
				ONLY_ACTIVE_ARCH = YES;
				SDKROOT = iphoneos;
				SWIFT_ACTIVE_COMPILATION_CONDITIONS = DEBUG;
				SWIFT_OPTIMIZATION_LEVEL = "-Onone";
			};
			name = Debug;
		};
		CE878137201136190063F070 /* Release */ = {
			isa = XCBuildConfiguration;
			buildSettings = {
				ALWAYS_SEARCH_USER_PATHS = NO;
				CLANG_ANALYZER_NONNULL = YES;
				CLANG_ANALYZER_NUMBER_OBJECT_CONVERSION = YES_AGGRESSIVE;
				CLANG_CXX_LANGUAGE_STANDARD = "gnu++14";
				CLANG_CXX_LIBRARY = "libc++";
				CLANG_ENABLE_MODULES = YES;
				CLANG_ENABLE_OBJC_ARC = YES;
				CLANG_WARN_BLOCK_CAPTURE_AUTORELEASING = YES;
				CLANG_WARN_BOOL_CONVERSION = YES;
				CLANG_WARN_COMMA = YES;
				CLANG_WARN_CONSTANT_CONVERSION = YES;
				CLANG_WARN_DIRECT_OBJC_ISA_USAGE = YES_ERROR;
				CLANG_WARN_DOCUMENTATION_COMMENTS = YES;
				CLANG_WARN_EMPTY_BODY = YES;
				CLANG_WARN_ENUM_CONVERSION = YES;
				CLANG_WARN_INFINITE_RECURSION = YES;
				CLANG_WARN_INT_CONVERSION = YES;
				CLANG_WARN_NON_LITERAL_NULL_CONVERSION = YES;
				CLANG_WARN_OBJC_LITERAL_CONVERSION = YES;
				CLANG_WARN_OBJC_ROOT_CLASS = YES_ERROR;
				CLANG_WARN_RANGE_LOOP_ANALYSIS = YES;
				CLANG_WARN_STRICT_PROTOTYPES = YES;
				CLANG_WARN_SUSPICIOUS_MOVE = YES;
				CLANG_WARN_UNGUARDED_AVAILABILITY = YES_AGGRESSIVE;
				CLANG_WARN_UNREACHABLE_CODE = YES;
				CLANG_WARN__DUPLICATE_METHOD_MATCH = YES;
				CODE_SIGN_IDENTITY = "iPhone Developer";
				COPY_PHASE_STRIP = NO;
				DEBUG_INFORMATION_FORMAT = "dwarf-with-dsym";
				ENABLE_NS_ASSERTIONS = NO;
				ENABLE_STRICT_OBJC_MSGSEND = YES;
				GCC_C_LANGUAGE_STANDARD = gnu11;
				GCC_NO_COMMON_BLOCKS = YES;
				GCC_WARN_64_TO_32_BIT_CONVERSION = YES;
				GCC_WARN_ABOUT_RETURN_TYPE = YES_ERROR;
				GCC_WARN_UNDECLARED_SELECTOR = YES;
				GCC_WARN_UNINITIALIZED_AUTOS = YES_AGGRESSIVE;
				GCC_WARN_UNUSED_FUNCTION = YES;
				GCC_WARN_UNUSED_VARIABLE = YES;
				IPHONEOS_DEPLOYMENT_TARGET = 11.2;
				MTL_ENABLE_DEBUG_INFO = NO;
				SDKROOT = iphoneos;
				SWIFT_OPTIMIZATION_LEVEL = "-Owholemodule";
				VALIDATE_PRODUCT = YES;
			};
			name = Release;
		};
		CE878139201136190063F070 /* Debug */ = {
			isa = XCBuildConfiguration;
			baseConfigurationReference = 3C234D3815C7D2656F31B41E /* Pods-AnimationApp.debug.xcconfig */;
			buildSettings = {
				ASSETCATALOG_COMPILER_APPICON_NAME = AppIcon;
				CODE_SIGN_STYLE = Automatic;
				INFOPLIST_FILE = Resources/plist/Info.plist;
				IPHONEOS_DEPLOYMENT_TARGET = 9.0;
				LD_RUNPATH_SEARCH_PATHS = "$(inherited) @executable_path/Frameworks";
				PRODUCT_BUNDLE_IDENTIFIER = Administrator.AnimationApp;
				PRODUCT_NAME = "$(TARGET_NAME)";
				SWIFT_VERSION = 4.0;
				TARGETED_DEVICE_FAMILY = 1;
			};
			name = Debug;
		};
		CE87813A201136190063F070 /* Release */ = {
			isa = XCBuildConfiguration;
			baseConfigurationReference = EBA92D7AF70853CDE8753AC4 /* Pods-AnimationApp.release.xcconfig */;
			buildSettings = {
				ASSETCATALOG_COMPILER_APPICON_NAME = AppIcon;
				CODE_SIGN_STYLE = Automatic;
				INFOPLIST_FILE = Resources/plist/Info.plist;
				IPHONEOS_DEPLOYMENT_TARGET = 9.0;
				LD_RUNPATH_SEARCH_PATHS = "$(inherited) @executable_path/Frameworks";
				PRODUCT_BUNDLE_IDENTIFIER = Administrator.AnimationApp;
				PRODUCT_NAME = "$(TARGET_NAME)";
				SWIFT_VERSION = 4.0;
				TARGETED_DEVICE_FAMILY = 1;
			};
			name = Release;
		};
/* End XCBuildConfiguration section */

/* Begin XCConfigurationList section */
		CE878121201136190063F070 /* Build configuration list for PBXProject "AnimationApp" */ = {
			isa = XCConfigurationList;
			buildConfigurations = (
				CE878136201136190063F070 /* Debug */,
				CE878137201136190063F070 /* Release */,
			);
			defaultConfigurationIsVisible = 0;
			defaultConfigurationName = Release;
		};
		CE878138201136190063F070 /* Build configuration list for PBXNativeTarget "AnimationApp" */ = {
			isa = XCConfigurationList;
			buildConfigurations = (
				CE878139201136190063F070 /* Debug */,
				CE87813A201136190063F070 /* Release */,
			);
			defaultConfigurationIsVisible = 0;
			defaultConfigurationName = Release;
		};
/* End XCConfigurationList section */
	};
	rootObject = CE87811E201136190063F070 /* Project object */;
}
